github.com/Necroforger/dgrouter v0.0.0-20180810172839-220febeac897 h1:HvCJWdHNTQCJOQpsgCCc5ryEnONsjUiomicI4E19Le0=
github.com/Necroforger/dgrouter v0.0.0-20180810172839-220febeac897/go.mod h1:FdMxPfOp4ppZW2OJjLagSMri7g5k9luvTm7Y3aIxQSc=
github.com/bwmarrin/discordgo v0.18.0 h1:XopVQXCIFy7Cr2eT7NcYcm4k0l2PYX+AP5RUbIWX2/8=
github.com/bwmarrin/discordgo v0.18.0/go.mod h1:5NIvFv5Z7HddYuXbuQegZ684DleQaCFqChP2iuBivJ8=
github.com/gorilla/websocket v1.3.0 h1:r/LXc0VJIMd0rCMsc6DxgczaQtoCwCLatnfXmSYcXx8=
github.com/gorilla/websocket v1.3.0/go.mod h1:E7qHFY5m1UJ88s3WnNqhKjPHQ0heANvMoAMk2YaljkQ=
golang.org/x/crypto v0.0.0-20180820150726-614d502a4dac h1:7d7lG9fHOLdL6jZPtnV4LpI41SbohIJ1Atq7U991dMg=
golang.org/x/crypto v0.0.0-20180820150726-614d502a4dac/go.mod h1:6SG95UA2DQfeDnfUPMdvaQW0Q7yPrPDi9nlGo2tz2b4=
